
Microsoft Visual Studio Solution File, Format Version 11.00
# Visual Studio 2010
Project("{E24C65DC-7377-472B-9ABA-BC803B73C61A}") = "RSS1", ".", "{E9E05E0D-C990-4623-A05F-4A27BEB7F5F7}"
	ProjectSection(WebsiteProperties) = preProject
		TargetFrameworkMoniker = ".NETFramework,Version%3Dv4.0"
		Debug.AspNetCompiler.VirtualPath = "/RSS1"
		Debug.AspNetCompiler.PhysicalPath = "F:\VS10Pro\RSS1\"
		Debug.AspNetCompiler.TargetPath = "PrecompiledWeb\RSS1\"
		Debug.AspNetCompiler.Updateable = "true"
		Debug.AspNetCompiler.ForceOverwrite = "true"
		Debug.AspNetCompiler.FixedNames = "false"
		Debug.AspNetCompiler.Debug = "True"
		Release.AspNetCompiler.VirtualPath = "/RSS1"
		Release.AspNetCompiler.PhysicalPath = "F:\VS10Pro\RSS1\"
		Release.AspNetCompiler.TargetPath = "PrecompiledWeb\RSS1\"
		Release.AspNetCompiler.Updateable = "true"
		Release.AspNetCompiler.ForceOverwrite = "true"
		Release.AspNetCompiler.FixedNames = "false"
		Release.AspNetCompiler.Debug = "False"
		VWDPort = "50255"
	EndProjectSection
EndProject
Global
	GlobalSection(SolutionConfigurationPlatforms) = preSolution
		Debug|Any CPU = Debug|Any CPU
	EndGlobalSection
	GlobalSection(ProjectConfigurationPlatforms) = postSolution
		{E9E05E0D-C990-4623-A05F-4A27BEB7F5F7}.Debug|Any CPU.ActiveCfg = Debug|Any CPU
		{E9E05E0D-C990-4623-A05F-4A27BEB7F5F7}.Debug|Any CPU.Build.0 = Debug|Any CPU
	EndGlobalSection
	GlobalSection(SolutionProperties) = preSolution
		HideSolutionNode = FALSE
	EndGlobalSection
EndGlobal
